
Microsoft Visual Studio Solution File, Format Version 12.00
# Visual Studio 2013
VisualStudioVersion = 12.0.31101.0
MinimumVisualStudioVersion = 10.0.40219.1
Project("{FAE04EC0-301F-11D3-BF4B-00C04F79EFBC}") = "LEContextMenuHandler", "LEContextMenuHandler\LEContextMenuHandler.csproj", "{0041073D-2FA7-4B35-B904-9C606C89C8CD}"
EndProject
Project("{FAE04EC0-301F-11D3-BF4B-00C04F79EFBC}") = "LEProc", "LEProc\LEProc.csproj", "{A2CF5369-4665-49F6-B948-B44296002C3D}"
EndProject
Project("{FAE04EC0-301F-11D3-BF4B-00C04F79EFBC}") = "LEGUI", "LEGUI\LEGUI.csproj", "{33B8F5CA-34A7-4826-BAD9-7CEC63DF4D0C}"
EndProject
Project("{FAE04EC0-301F-11D3-BF4B-00C04F79EFBC}") = "LECommonLibrary", "LECommonLibrary\LECommonLibrary.csproj", "{C4DEF32B-8FBB-41B6-80DC-C60339402323}"
EndProject
Project("{FAE04EC0-301F-11D3-BF4B-00C04F79EFBC}") = "LEInstaller", "LEInstaller\LEInstaller.csproj", "{E218923D-59A4-4FA5-B4BC-E540290DA3F8}"
	ProjectSection(ProjectDependencies) = postProject
		{C4DEF32B-8FBB-41B6-80DC-C60339402323} = {C4DEF32B-8FBB-41B6-80DC-C60339402323}
		{0041073D-2FA7-4B35-B904-9C606C89C8CD} = {0041073D-2FA7-4B35-B904-9C606C89C8CD}
	EndProjectSection
EndProject
Project("{FAE04EC0-301F-11D3-BF4B-00C04F79EFBC}") = "LEUpdater", "LEUpdater\LEUpdater.csproj", "{A0011409-0A25-4E95-BF6D-EE7CB9C287DA}"
EndProject
Project("{2150E333-8FDC-42A3-9474-1A3956D46DE8}") = "Docs", "Docs", "{34E39673-EC72-4F08-AC9E-7BEAC88F3EAF}"
	ProjectSection(SolutionItems) = preProject
		Docs\changelog.eng.txt = Docs\changelog.eng.txt
		Docs\changelog.txt = Docs\changelog.txt
		Docs\Q&A.eng.txt = Docs\Q&A.eng.txt
		Docs\Q&A.txt = Docs\Q&A.txt
	EndProjectSection
EndProject
Global
	GlobalSection(SolutionConfigurationPlatforms) = preSolution
		Debug|Any CPU = Debug|Any CPU
		Release|Any CPU = Release|Any CPU
	EndGlobalSection
	GlobalSection(ProjectConfigurationPlatforms) = postSolution
		{0041073D-2FA7-4B35-B904-9C606C89C8CD}.Debug|Any CPU.ActiveCfg = Debug|Any CPU
		{0041073D-2FA7-4B35-B904-9C606C89C8CD}.Debug|Any CPU.Build.0 = Debug|Any CPU
		{0041073D-2FA7-4B35-B904-9C606C89C8CD}.Release|Any CPU.ActiveCfg = Release|Any CPU
		{0041073D-2FA7-4B35-B904-9C606C89C8CD}.Release|Any CPU.Build.0 = Release|Any CPU
		{A2CF5369-4665-49F6-B948-B44296002C3D}.Debug|Any CPU.ActiveCfg = Debug|Any CPU
		{A2CF5369-4665-49F6-B948-B44296002C3D}.Debug|Any CPU.Build.0 = Debug|Any CPU
		{A2CF5369-4665-49F6-B948-B44296002C3D}.Release|Any CPU.ActiveCfg = Release|Any CPU
		{A2CF5369-4665-49F6-B948-B44296002C3D}.Release|Any CPU.Build.0 = Release|Any CPU
		{33B8F5CA-34A7-4826-BAD9-7CEC63DF4D0C}.Debug|Any CPU.ActiveCfg = Debug|Any CPU
		{33B8F5CA-34A7-4826-BAD9-7CEC63DF4D0C}.Debug|Any CPU.Build.0 = Debug|Any CPU
		{33B8F5CA-34A7-4826-BAD9-7CEC63DF4D0C}.Release|Any CPU.ActiveCfg = Release|Any CPU
		{33B8F5CA-34A7-4826-BAD9-7CEC63DF4D0C}.Release|Any CPU.Build.0 = Release|Any CPU
		{C4DEF32B-8FBB-41B6-80DC-C60339402323}.Debug|Any CPU.ActiveCfg = Debug|Any CPU
		{C4DEF32B-8FBB-41B6-80DC-C60339402323}.Debug|Any CPU.Build.0 = Debug|Any CPU
		{C4DEF32B-8FBB-41B6-80DC-C60339402323}.Release|Any CPU.ActiveCfg = Release|Any CPU
		{C4DEF32B-8FBB-41B6-80DC-C60339402323}.Release|Any CPU.Build.0 = Release|Any CPU
		{E218923D-59A4-4FA5-B4BC-E540290DA3F8}.Debug|Any CPU.ActiveCfg = Debug|Any CPU
		{E218923D-59A4-4FA5-B4BC-E540290DA3F8}.Debug|Any CPU.Build.0 = Debug|Any CPU
		{E218923D-59A4-4FA5-B4BC-E540290DA3F8}.Release|Any CPU.ActiveCfg = Release|Any CPU
		{E218923D-59A4-4FA5-B4BC-E540290DA3F8}.Release|Any CPU.Build.0 = Release|Any CPU
		{A0011409-0A25-4E95-BF6D-EE7CB9C287DA}.Debug|Any CPU.ActiveCfg = Debug|Any CPU
		{A0011409-0A25-4E95-BF6D-EE7CB9C287DA}.Debug|Any CPU.Build.0 = Debug|Any CPU
		{A0011409-0A25-4E95-BF6D-EE7CB9C287DA}.Release|Any CPU.ActiveCfg = Release|Any CPU
		{A0011409-0A25-4E95-BF6D-EE7CB9C287DA}.Release|Any CPU.Build.0 = Release|Any CPU
	EndGlobalSection
	GlobalSection(SolutionProperties) = preSolution
		HideSolutionNode = FALSE
	EndGlobalSection
EndGlobal
